
Microsoft Visual Studio Solution File, Format Version 12.00
# Visual Studio Version 17
VisualStudioVersion = 17.9.34723.18
MinimumVisualStudioVersion = 10.0.40219.1
Project("{9A19103F-16F7-4668-BE54-9A1E7A4F7556}") = "DVLib", "DVLib\DVLib.csproj", "{B20B0FFA-EDE5-41C8-B4F7-4A33ECBE259F}"
EndProject
Project("{2150E333-8FDC-42A3-9474-1A3956D46DE8}") = "Solution Items", "Solution Items", "{E11DD49E-E381-41BB-AF6F-81D82731ABE7}"
	ProjectSection(SolutionItems) = preProject
		.editorconfig = .editorconfig
	EndProjectSection
EndProject
Global
	GlobalSection(SolutionConfigurationPlatforms) = preSolution
		Debug|Any CPU = Debug|Any CPU
		Debug|x64 = Debug|x64
		Release|Any CPU = Release|Any CPU
		Release|x64 = Release|x64
	EndGlobalSection
	GlobalSection(ProjectConfigurationPlatforms) = postSolution
		{B20B0FFA-EDE5-41C8-B4F7-4A33ECBE259F}.Debug|Any CPU.ActiveCfg = Debug|Any CPU
		{B20B0FFA-EDE5-41C8-B4F7-4A33ECBE259F}.Debug|Any CPU.Build.0 = Debug|Any CPU
		{B20B0FFA-EDE5-41C8-B4F7-4A33ECBE259F}.Debug|x64.ActiveCfg = Debug|x64
		{B20B0FFA-EDE5-41C8-B4F7-4A33ECBE259F}.Debug|x64.Build.0 = Debug|x64
		{B20B0FFA-EDE5-41C8-B4F7-4A33ECBE259F}.Release|Any CPU.ActiveCfg = Release|Any CPU
		{B20B0FFA-EDE5-41C8-B4F7-4A33ECBE259F}.Release|Any CPU.Build.0 = Release|Any CPU
		{B20B0FFA-EDE5-41C8-B4F7-4A33ECBE259F}.Release|x64.ActiveCfg = Release|x64
		{B20B0FFA-EDE5-41C8-B4F7-4A33ECBE259F}.Release|x64.Build.0 = Release|x64
	EndGlobalSection
	GlobalSection(SolutionProperties) = preSolution
		HideSolutionNode = FALSE
	EndGlobalSection
	GlobalSection(ExtensibilityGlobals) = postSolution
		SolutionGuid = {DF636A52-F86F-43BB-8AC6-8F1EA30260DF}
	EndGlobalSection
EndGlobal
